
Microsoft Visual Studio Solution File, Format Version 12.00
# Visual Studio 14
VisualStudioVersion = 14.0.25420.1
MinimumVisualStudioVersion = 10.0.40219.1
Project("{FAE04EC0-301F-11D3-BF4B-00C04F79EFBC}") = "Task6", "Task6\Task6.csproj", "{C3CCB016-CB5C-41C5-B9C1-D331009976E9}"
EndProject
Project("{FAE04EC0-301F-11D3-BF4B-00C04F79EFBC}") = "ConvertToInt", "ConvertToString\ConvertToInt.csproj", "{481B8328-ADEF-4AEE-8668-14AB6ACF18E6}"
EndProject
Project("{FAE04EC0-301F-11D3-BF4B-00C04F79EFBC}") = "Tests", "Tests\Tests.csproj", "{808FA035-5622-4D37-8A2B-EB6B771C43D5}"
EndProject
Global
	GlobalSection(SolutionConfigurationPlatforms) = preSolution
		Debug|Any CPU = Debug|Any CPU
		Release|Any CPU = Release|Any CPU
	EndGlobalSection
	GlobalSection(ProjectConfigurationPlatforms) = postSolution
		{C3CCB016-CB5C-41C5-B9C1-D331009976E9}.Debug|Any CPU.ActiveCfg = Debug|Any CPU
		{C3CCB016-CB5C-41C5-B9C1-D331009976E9}.Debug|Any CPU.Build.0 = Debug|Any CPU
		{C3CCB016-CB5C-41C5-B9C1-D331009976E9}.Release|Any CPU.ActiveCfg = Release|Any CPU
		{C3CCB016-CB5C-41C5-B9C1-D331009976E9}.Release|Any CPU.Build.0 = Release|Any CPU
		{481B8328-ADEF-4AEE-8668-14AB6ACF18E6}.Debug|Any CPU.ActiveCfg = Debug|Any CPU
		{481B8328-ADEF-4AEE-8668-14AB6ACF18E6}.Debug|Any CPU.Build.0 = Debug|Any CPU
		{481B8328-ADEF-4AEE-8668-14AB6ACF18E6}.Release|Any CPU.ActiveCfg = Release|Any CPU
		{481B8328-ADEF-4AEE-8668-14AB6ACF18E6}.Release|Any CPU.Build.0 = Release|Any CPU
		{808FA035-5622-4D37-8A2B-EB6B771C43D5}.Debug|Any CPU.ActiveCfg = Debug|Any CPU
		{808FA035-5622-4D37-8A2B-EB6B771C43D5}.Debug|Any CPU.Build.0 = Debug|Any CPU
		{808FA035-5622-4D37-8A2B-EB6B771C43D5}.Release|Any CPU.ActiveCfg = Release|Any CPU
		{808FA035-5622-4D37-8A2B-EB6B771C43D5}.Release|Any CPU.Build.0 = Release|Any CPU
	EndGlobalSection
	GlobalSection(SolutionProperties) = preSolution
		HideSolutionNode = FALSE
	EndGlobalSection
EndGlobal
